{
  "name": "vscode-oldicons",
  "version": "0.2.0",
  "lockfileVersion": 3,
  "requires": true,
  "packages": {
    "": {
      "name": "vscode-oldicons",
      "version": "0.2.0",
      "devDependencies": {
        "@vscode/codicons": "0.0.41"
      },
      "engines": {
        "vscode": "^1.106.0"
      }
    },
    "node_modules/@vscode/codicons": {
      "version": "0.0.41",
      "resolved": "https://registry.npmjs.org/@vscode/codicons/-/codicons-0.0.41.tgz",
      "integrity": "sha512-v6/8nx76zau3Joxjzi3eN/FVw+7jKBq4j7LTZY5FhFhq2g0OoFebZ3vRZbv/pUopGpbCnJJ4FOz+NzbjVsmoiw==",
      "dev": true,
      "license": "CC-BY-4.0"
    }
  }
}
